// !$*UTF8*$!
{
	archiveVersion = 1;
	classes = {
	};
	objectVersion = 56;
	objects = {

/* Begin PBXBuildFile section */
		CE28B38F29D4355900889285 /* AppDelegate.swift in Sources */ = {isa = PBXBuildFile; fileRef = CE28B38E29D4355900889285 /* AppDelegate.swift */; };
		CE28B39129D4355900889285 /* SceneDelegate.swift in Sources */ = {isa = PBXBuildFile; fileRef = CE28B39029D4355900889285 /* SceneDelegate.swift */; };
		CE28B39829D4355B00889285 /* Assets.xcassets in Resources */ = {isa = PBXBuildFile; fileRef = CE28B39729D4355B00889285 /* Assets.xcassets */; };
		CE28B39B29D4355B00889285 /* LaunchScreen.storyboard in Resources */ = {isa = PBXBuildFile; fileRef = CE28B39929D4355B00889285 /* LaunchScreen.storyboard */; };
		CE28B3AA29D4385C00889285 /* RMLocation.swift in Sources */ = {isa = PBXBuildFile; fileRef = CE28B3A929D4385C00889285 /* RMLocation.swift */; };
		CE28B3AC29D4386A00889285 /* RMCharacter.swift in Sources */ = {isa = PBXBuildFile; fileRef = CE28B3AB29D4386A00889285 /* RMCharacter.swift */; };
		CE28B3AE29D4387900889285 /* RMEpisode.swift in Sources */ = {isa = PBXBuildFile; fileRef = CE28B3AD29D4387900889285 /* RMEpisode.swift */; };
		CE28B3B029D438F700889285 /* RMTabViewController.swift in Sources */ = {isa = PBXBuildFile; fileRef = CE28B3AF29D438F700889285 /* RMTabViewController.swift */; };
		CE28B3B329D4398700889285 /* RMCharacterVC.swift in Sources */ = {isa = PBXBuildFile; fileRef = CE28B3B229D4398700889285 /* RMCharacterVC.swift */; };
		CE28B3B529D439A300889285 /* RMEpisodeVC.swift in Sources */ = {isa = PBXBuildFile; fileRef = CE28B3B429D439A300889285 /* RMEpisodeVC.swift */; };
		CE28B3B729D439BA00889285 /* RMLocationVC.swift in Sources */ = {isa = PBXBuildFile; fileRef = CE28B3B629D439BA00889285 /* RMLocationVC.swift */; };
		CE28B3B929D439D100889285 /* RMSettingsVC.swift in Sources */ = {isa = PBXBuildFile; fileRef = CE28B3B829D439D100889285 /* RMSettingsVC.swift */; };
		CE28B3BB29D4AC2D00889285 /* RMService.swift in Sources */ = {isa = PBXBuildFile; fileRef = CE28B3BA29D4AC2D00889285 /* RMService.swift */; };
		CE28B3BD29D4AC4600889285 /* RMRequest.swift in Sources */ = {isa = PBXBuildFile; fileRef = CE28B3BC29D4AC4600889285 /* RMRequest.swift */; };
		CE28B3BF29D4AD1000889285 /* RMEndpoint.swift in Sources */ = {isa = PBXBuildFile; fileRef = CE28B3BE29D4AD1000889285 /* RMEndpoint.swift */; };
		CE28B3C129D4B8E300889285 /* RMOrigin.swift in Sources */ = {isa = PBXBuildFile; fileRef = CE28B3C029D4B8E300889285 /* RMOrigin.swift */; };
		CE28B3C329D4B97B00889285 /* RMSingleLocation.swift in Sources */ = {isa = PBXBuildFile; fileRef = CE28B3C229D4B97B00889285 /* RMSingleLocation.swift */; };
		CE28B3C529D4BAE500889285 /* RMCharacterStatus.swift in Sources */ = {isa = PBXBuildFile; fileRef = CE28B3C429D4BAE500889285 /* RMCharacterStatus.swift */; };
		CE28B3C729D4BB3800889285 /* RMCharacterGender.swift in Sources */ = {isa = PBXBuildFile; fileRef = CE28B3C629D4BB3800889285 /* RMCharacterGender.swift */; };
		CE395E8D29D5A569009F55D5 /* RMGetAllCharactersResponse.swift in Sources */ = {isa = PBXBuildFile; fileRef = CE395E8C29D5A569009F55D5 /* RMGetAllCharactersResponse.swift */; };
		CE395E8F29D5B5EA009F55D5 /* RMCharacterListViewViewModel.swift in Sources */ = {isa = PBXBuildFile; fileRef = CE395E8E29D5B5EA009F55D5 /* RMCharacterListViewViewModel.swift */; };
		CE395E9129D5B694009F55D5 /* RMCharacterListView.swift in Sources */ = {isa = PBXBuildFile; fileRef = CE395E9029D5B694009F55D5 /* RMCharacterListView.swift */; };
		CE395E9329D5BB37009F55D5 /* Extensions.swift in Sources */ = {isa = PBXBuildFile; fileRef = CE395E9229D5BB37009F55D5 /* Extensions.swift */; };
		CE395E9529D5CCAA009F55D5 /* RMCharacterCVC.swift in Sources */ = {isa = PBXBuildFile; fileRef = CE395E9429D5CCAA009F55D5 /* RMCharacterCVC.swift */; };
		CE395E9729D5CE3B009F55D5 /* RMCharacterCVCViewModel.swift in Sources */ = {isa = PBXBuildFile; fileRef = CE395E9629D5CE3B009F55D5 /* RMCharacterCVCViewModel.swift */; };
		CE395E9A29D6219C009F55D5 /* RMCharacterDetailVC.swift in Sources */ = {isa = PBXBuildFile; fileRef = CE395E9929D6219C009F55D5 /* RMCharacterDetailVC.swift */; };
		CE7D794829D6D05B005C8E8A /* RMCharacterDetailView.swift in Sources */ = {isa = PBXBuildFile; fileRef = CE7D794729D6D05B005C8E8A /* RMCharacterDetailView.swift */; };
		CE7D794A29D6D086005C8E8A /* RMCharacterDetailViewViewModel.swift in Sources */ = {isa = PBXBuildFile; fileRef = CE7D794929D6D086005C8E8A /* RMCharacterDetailViewViewModel.swift */; };
		CE7D794C29D6D759005C8E8A /* RMFooterLoadingCRV.swift in Sources */ = {isa = PBXBuildFile; fileRef = CE7D794B29D6D759005C8E8A /* RMFooterLoadingCRV.swift */; };
		CEECF01F29D9ED2F0078D516 /* RMImageLoader.swift in Sources */ = {isa = PBXBuildFile; fileRef = CEECF01E29D9ED2F0078D516 /* RMImageLoader.swift */; };
/* End PBXBuildFile section */

/* Begin PBXFileReference section */
		CE28B38B29D4355900889285 /* RickAndMorty.app */ = {isa = PBXFileReference; explicitFileType = wrapper.application; includeInIndex = 0; path = RickAndMorty.app; sourceTree = BUILT_PRODUCTS_DIR; };
		CE28B38E29D4355900889285 /* AppDelegate.swift */ = {isa = PBXFileReference; lastKnownFileType = sourcecode.swift; path = AppDelegate.swift; sourceTree = "<group>"; };
		CE28B39029D4355900889285 /* SceneDelegate.swift */ = {isa = PBXFileReference; lastKnownFileType = sourcecode.swift; path = SceneDelegate.swift; sourceTree = "<group>"; };
		CE28B39729D4355B00889285 /* Assets.xcassets */ = {isa = PBXFileReference; lastKnownFileType = folder.assetcatalog; path = Assets.xcassets; sourceTree = "<group>"; };
		CE28B39A29D4355B00889285 /* Base */ = {isa = PBXFileReference; lastKnownFileType = file.storyboard; name = Base; path = Base.lproj/LaunchScreen.storyboard; sourceTree = "<group>"; };
		CE28B39C29D4355B00889285 /* Info.plist */ = {isa = PBXFileReference; lastKnownFileType = text.plist.xml; path = Info.plist; sourceTree = "<group>"; };
		CE28B3A929D4385C00889285 /* RMLocation.swift */ = {isa = PBXFileReference; lastKnownFileType = sourcecode.swift; path = RMLocation.swift; sourceTree = "<group>"; };
		CE28B3AB29D4386A00889285 /* RMCharacter.swift */ = {isa = PBXFileReference; lastKnownFileType = sourcecode.swift; path = RMCharacter.swift; sourceTree = "<group>"; };
		CE28B3AD29D4387900889285 /* RMEpisode.swift */ = {isa = PBXFileReference; lastKnownFileType = sourcecode.swift; path = RMEpisode.swift; sourceTree = "<group>"; };
		CE28B3AF29D438F700889285 /* RMTabViewController.swift */ = {isa = PBXFileReference; lastKnownFileType = sourcecode.swift; path = RMTabViewController.swift; sourceTree = "<group>"; };
		CE28B3B229D4398700889285 /* RMCharacterVC.swift */ = {isa = PBXFileReference; lastKnownFileType = sourcecode.swift; path = RMCharacterVC.swift; sourceTree = "<group>"; };
		CE28B3B429D439A300889285 /* RMEpisodeVC.swift */ = {isa = PBXFileReference; lastKnownFileType = sourcecode.swift; path = RMEpisodeVC.swift; sourceTree = "<group>"; };
		CE28B3B629D439BA00889285 /* RMLocationVC.swift */ = {isa = PBXFileReference; lastKnownFileType = sourcecode.swift; path = RMLocationVC.swift; sourceTree = "<group>"; };
		CE28B3B829D439D100889285 /* RMSettingsVC.swift */ = {isa = PBXFileReference; lastKnownFileType = sourcecode.swift; path = RMSettingsVC.swift; sourceTree = "<group>"; };
		CE28B3BA29D4AC2D00889285 /* RMService.swift */ = {isa = PBXFileReference; lastKnownFileType = sourcecode.swift; path = RMService.swift; sourceTree = "<group>"; };
		CE28B3BC29D4AC4600889285 /* RMRequest.swift */ = {isa = PBXFileReference; lastKnownFileType = sourcecode.swift; path = RMRequest.swift; sourceTree = "<group>"; };
		CE28B3BE29D4AD1000889285 /* RMEndpoint.swift */ = {isa = PBXFileReference; lastKnownFileType = sourcecode.swift; path = RMEndpoint.swift; sourceTree = "<group>"; };
		CE28B3C029D4B8E300889285 /* RMOrigin.swift */ = {isa = PBXFileReference; lastKnownFileType = sourcecode.swift; path = RMOrigin.swift; sourceTree = "<group>"; };
		CE28B3C229D4B97B00889285 /* RMSingleLocation.swift */ = {isa = PBXFileReference; lastKnownFileType = sourcecode.swift; path = RMSingleLocation.swift; sourceTree = "<group>"; };
		CE28B3C429D4BAE500889285 /* RMCharacterStatus.swift */ = {isa = PBXFileReference; lastKnownFileType = sourcecode.swift; path = RMCharacterStatus.swift; sourceTree = "<group>"; };
		CE28B3C629D4BB3800889285 /* RMCharacterGender.swift */ = {isa = PBXFileReference; lastKnownFileType = sourcecode.swift; path = RMCharacterGender.swift; sourceTree = "<group>"; };
		CE395E8C29D5A569009F55D5 /* RMGetAllCharactersResponse.swift */ = {isa = PBXFileReference; lastKnownFileType = sourcecode.swift; path = RMGetAllCharactersResponse.swift; sourceTree = "<group>"; };
		CE395E8E29D5B5EA009F55D5 /* RMCharacterListViewViewModel.swift */ = {isa = PBXFileReference; lastKnownFileType = sourcecode.swift; path = RMCharacterListViewViewModel.swift; sourceTree = "<group>"; };
		CE395E9029D5B694009F55D5 /* RMCharacterListView.swift */ = {isa = PBXFileReference; lastKnownFileType = sourcecode.swift; path = RMCharacterListView.swift; sourceTree = "<group>"; };
		CE395E9229D5BB37009F55D5 /* Extensions.swift */ = {isa = PBXFileReference; lastKnownFileType = sourcecode.swift; path = Extensions.swift; sourceTree = "<group>"; };
		CE395E9429D5CCAA009F55D5 /* RMCharacterCVC.swift */ = {isa = PBXFileReference; lastKnownFileType = sourcecode.swift; path = RMCharacterCVC.swift; sourceTree = "<group>"; };
		CE395E9629D5CE3B009F55D5 /* RMCharacterCVCViewModel.swift */ = {isa = PBXFileReference; lastKnownFileType = sourcecode.swift; path = RMCharacterCVCViewModel.swift; sourceTree = "<group>"; };
		CE395E9929D6219C009F55D5 /* RMCharacterDetailVC.swift */ = {isa = PBXFileReference; lastKnownFileType = sourcecode.swift; path = RMCharacterDetailVC.swift; sourceTree = "<group>"; };
		CE7D794729D6D05B005C8E8A /* RMCharacterDetailView.swift */ = {isa = PBXFileReference; lastKnownFileType = sourcecode.swift; path = RMCharacterDetailView.swift; sourceTree = "<group>"; };
		CE7D794929D6D086005C8E8A /* RMCharacterDetailViewViewModel.swift */ = {isa = PBXFileReference; lastKnownFileType = sourcecode.swift; path = RMCharacterDetailViewViewModel.swift; sourceTree = "<group>"; };
		CE7D794B29D6D759005C8E8A /* RMFooterLoadingCRV.swift */ = {isa = PBXFileReference; lastKnownFileType = sourcecode.swift; path = RMFooterLoadingCRV.swift; sourceTree = "<group>"; };
		CEECF01E29D9ED2F0078D516 /* RMImageLoader.swift */ = {isa = PBXFileReference; lastKnownFileType = sourcecode.swift; path = RMImageLoader.swift; sourceTree = "<group>"; };
/* End PBXFileReference section */

/* Begin PBXFrameworksBuildPhase section */
		CE28B38829D4355900889285 /* Frameworks */ = {
			isa = PBXFrameworksBuildPhase;
			buildActionMask = 2147483647;
			files = (
			);
			runOnlyForDeploymentPostprocessing = 0;
		};
/* End PBXFrameworksBuildPhase section */

/* Begin PBXGroup section */
		CE28B38229D4355800889285 = {
			isa = PBXGroup;
			children = (
				CE28B38D29D4355900889285 /* RickAndMorty */,
				CE28B38C29D4355900889285 /* Products */,
			);
			sourceTree = "<group>";
		};
		CE28B38C29D4355900889285 /* Products */ = {
			isa = PBXGroup;
			children = (
				CE28B38B29D4355900889285 /* RickAndMorty.app */,
			);
			name = Products;
			sourceTree = "<group>";
		};
		CE28B38D29D4355900889285 /* RickAndMorty */ = {
			isa = PBXGroup;
			children = (
				CE28B3A829D437B300889285 /* Resources */,
				CE28B3A729D4379000889285 /* Managers */,
				CE28B3A629D4378000889285 /* APIClient */,
				CE28B3A529D4377500889285 /* ViewModels */,
				CE28B3A429D4376600889285 /* Views */,
				CE28B3A329D4375E00889285 /* Models */,
				CE28B3A229D4375600889285 /* Controllers */,
				CE28B39C29D4355B00889285 /* Info.plist */,
			);
			path = RickAndMorty;
			sourceTree = "<group>";
		};
		CE28B3A229D4375600889285 /* Controllers */ = {
			isa = PBXGroup;
			children = (
				CE395E9829D62167009F55D5 /* Other */,
				CE28B3B129D4395500889285 /* Core */,
			);
			path = Controllers;
			sourceTree = "<group>";
		};
		CE28B3A329D4375E00889285 /* Models */ = {
			isa = PBXGroup;
			children = (
				CE395E8B29D5A538009F55D5 /* APIResponseTypes */,
				CE395E8A29D5A524009F55D5 /* DataTypes */,
			);
			path = Models;
			sourceTree = "<group>";
		};
		CE28B3A429D4376600889285 /* Views */ = {
			isa = PBXGroup;
			children = (
				CE395E9029D5B694009F55D5 /* RMCharacterListView.swift */,
				CE395E9429D5CCAA009F55D5 /* RMCharacterCVC.swift */,
				CE7D794729D6D05B005C8E8A /* RMCharacterDetailView.swift */,
				CE7D794B29D6D759005C8E8A /* RMFooterLoadingCRV.swift */,
			);
			path = Views;
			sourceTree = "<group>";
		};
		CE28B3A529D4377500889285 /* ViewModels */ = {
			isa = PBXGroup;
			children = (
				CE395E8E29D5B5EA009F55D5 /* RMCharacterListViewViewModel.swift */,
				CE395E9629D5CE3B009F55D5 /* RMCharacterCVCViewModel.swift */,
				CE7D794929D6D086005C8E8A /* RMCharacterDetailViewViewModel.swift */,
			);
			path = ViewModels;
			sourceTree = "<group>";
		};
		CE28B3A629D4378000889285 /* APIClient */ = {
			isa = PBXGroup;
			children = (
				CE28B3BA29D4AC2D00889285 /* RMService.swift */,
				CE28B3BC29D4AC4600889285 /* RMRequest.swift */,
				CE28B3BE29D4AD1000889285 /* RMEndpoint.swift */,
			);
			path = APIClient;
			sourceTree = "<group>";
		};
		CE28B3A729D4379000889285 /* Managers */ = {
			isa = PBXGroup;
			children = (
				CEECF01E29D9ED2F0078D516 /* RMImageLoader.swift */,
			);
			path = Managers;
			sourceTree = "<group>";
		};
		CE28B3A829D437B300889285 /* Resources */ = {
			isa = PBXGroup;
			children = (
				CE28B39729D4355B00889285 /* Assets.xcassets */,
				CE28B39929D4355B00889285 /* LaunchScreen.storyboard */,
				CE28B38E29D4355900889285 /* AppDelegate.swift */,
				CE28B39029D4355900889285 /* SceneDelegate.swift */,
				CE395E9229D5BB37009F55D5 /* Extensions.swift */,
			);
			path = Resources;
			sourceTree = "<group>";
		};
		CE28B3B129D4395500889285 /* Core */ = {
			isa = PBXGroup;
			children = (
				CE28B3AF29D438F700889285 /* RMTabViewController.swift */,
				CE28B3B229D4398700889285 /* RMCharacterVC.swift */,
				CE28B3B429D439A300889285 /* RMEpisodeVC.swift */,
				CE28B3B629D439BA00889285 /* RMLocationVC.swift */,
				CE28B3B829D439D100889285 /* RMSettingsVC.swift */,
			);
			path = Core;
			sourceTree = "<group>";
		};
		CE395E8A29D5A524009F55D5 /* DataTypes */ = {
			isa = PBXGroup;
			children = (
				CE28B3AB29D4386A00889285 /* RMCharacter.swift */,
				CE28B3A929D4385C00889285 /* RMLocation.swift */,
				CE28B3AD29D4387900889285 /* RMEpisode.swift */,
				CE28B3C029D4B8E300889285 /* RMOrigin.swift */,
				CE28B3C229D4B97B00889285 /* RMSingleLocation.swift */,
				CE28B3C429D4BAE500889285 /* RMCharacterStatus.swift */,
				CE28B3C629D4BB3800889285 /* RMCharacterGender.swift */,
			);
			path = DataTypes;
			sourceTree = "<group>";
		};
		CE395E8B29D5A538009F55D5 /* APIResponseTypes */ = {
			isa = PBXGroup;
			children = (
				CE395E8C29D5A569009F55D5 /* RMGetAllCharactersResponse.swift */,
			);
			path = APIResponseTypes;
			sourceTree = "<group>";
		};
		CE395E9829D62167009F55D5 /* Other */ = {
			isa = PBXGroup;
			children = (
				CE395E9929D6219C009F55D5 /* RMCharacterDetailVC.swift */,
			);
			path = Other;
			sourceTree = "<group>";
		};
/* End PBXGroup section */

/* Begin PBXNativeTarget section */
		CE28B38A29D4355900889285 /* RickAndMorty */ = {
			isa = PBXNativeTarget;
			buildConfigurationList = CE28B39F29D4355B00889285 /* Build configuration list for PBXNativeTarget "RickAndMorty" */;
			buildPhases = (
				CE28B38729D4355900889285 /* Sources */,
				CE28B38829D4355900889285 /* Frameworks */,
				CE28B38929D4355900889285 /* Resources */,
			);
			buildRules = (
			);
			dependencies = (
			);
			name = RickAndMorty;
			productName = RickAndMorty;
			productReference = CE28B38B29D4355900889285 /* RickAndMorty.app */;
			productType = "com.apple.product-type.application";
		};
/* End PBXNativeTarget section */

/* Begin PBXProject section */
		CE28B38329D4355800889285 /* Project object */ = {
			isa = PBXProject;
			attributes = {
				BuildIndependentTargetsInParallel = 1;
				LastSwiftUpdateCheck = 1410;
				LastUpgradeCheck = 1410;
				TargetAttributes = {
					CE28B38A29D4355900889285 = {
						CreatedOnToolsVersion = 14.1;
					};
				};
			};
			buildConfigurationList = CE28B38629D4355800889285 /* Build configuration list for PBXProject "RickAndMorty" */;
			compatibilityVersion = "Xcode 14.0";
			developmentRegion = en;
			hasScannedForEncodings = 0;
			knownRegions = (
				en,
				Base,
			);
			mainGroup = CE28B38229D4355800889285;
			productRefGroup = CE28B38C29D4355900889285 /* Products */;
			projectDirPath = "";
			projectRoot = "";
			targets = (
				CE28B38A29D4355900889285 /* RickAndMorty */,
			);
		};
/* End PBXProject section */

/* Begin PBXResourcesBuildPhase section */
		CE28B38929D4355900889285 /* Resources */ = {
			isa = PBXResourcesBuildPhase;
			buildActionMask = 2147483647;
			files = (
				CE28B39B29D4355B00889285 /* LaunchScreen.storyboard in Resources */,
				CE28B39829D4355B00889285 /* Assets.xcassets in Resources */,
			);
			runOnlyForDeploymentPostprocessing = 0;
		};
/* End PBXResourcesBuildPhase section */

/* Begin PBXSourcesBuildPhase section */
		CE28B38729D4355900889285 /* Sources */ = {
			isa = PBXSourcesBuildPhase;
			buildActionMask = 2147483647;
			files = (
				CE28B3C129D4B8E300889285 /* RMOrigin.swift in Sources */,
				CE7D794A29D6D086005C8E8A /* RMCharacterDetailViewViewModel.swift in Sources */,
				CE28B3C329D4B97B00889285 /* RMSingleLocation.swift in Sources */,
				CE395E9729D5CE3B009F55D5 /* RMCharacterCVCViewModel.swift in Sources */,
				CE395E9129D5B694009F55D5 /* RMCharacterListView.swift in Sources */,
				CE395E8D29D5A569009F55D5 /* RMGetAllCharactersResponse.swift in Sources */,
				CE28B3C529D4BAE500889285 /* RMCharacterStatus.swift in Sources */,
				CE28B3C729D4BB3800889285 /* RMCharacterGender.swift in Sources */,
				CE28B3B729D439BA00889285 /* RMLocationVC.swift in Sources */,
				CE28B3B329D4398700889285 /* RMCharacterVC.swift in Sources */,
				CE28B3AE29D4387900889285 /* RMEpisode.swift in Sources */,
				CE28B38F29D4355900889285 /* AppDelegate.swift in Sources */,
				CE28B3B929D439D100889285 /* RMSettingsVC.swift in Sources */,
				CE28B39129D4355900889285 /* SceneDelegate.swift in Sources */,
				CEECF01F29D9ED2F0078D516 /* RMImageLoader.swift in Sources */,
				CE28B3B029D438F700889285 /* RMTabViewController.swift in Sources */,
				CE395E9329D5BB37009F55D5 /* Extensions.swift in Sources */,
				CE28B3BB29D4AC2D00889285 /* RMService.swift in Sources */,
				CE395E9529D5CCAA009F55D5 /* RMCharacterCVC.swift in Sources */,
				CE28B3B529D439A300889285 /* RMEpisodeVC.swift in Sources */,
				CE28B3BF29D4AD1000889285 /* RMEndpoint.swift in Sources */,
				CE7D794C29D6D759005C8E8A /* RMFooterLoadingCRV.swift in Sources */,
				CE28B3AA29D4385C00889285 /* RMLocation.swift in Sources */,
				CE395E9A29D6219C009F55D5 /* RMCharacterDetailVC.swift in Sources */,
				CE28B3BD29D4AC4600889285 /* RMRequest.swift in Sources */,
				CE395E8F29D5B5EA009F55D5 /* RMCharacterListViewViewModel.swift in Sources */,
				CE28B3AC29D4386A00889285 /* RMCharacter.swift in Sources */,
				CE7D794829D6D05B005C8E8A /* RMCharacterDetailView.swift in Sources */,
			);
			runOnlyForDeploymentPostprocessing = 0;
		};
/* End PBXSourcesBuildPhase section */

/* Begin PBXVariantGroup section */
		CE28B39929D4355B00889285 /* LaunchScreen.storyboard */ = {
			isa = PBXVariantGroup;
			children = (
				CE28B39A29D4355B00889285 /* Base */,
			);
			name = LaunchScreen.storyboard;
			sourceTree = "<group>";
		};
/* End PBXVariantGroup section */

/* Begin XCBuildConfiguration section */
		CE28B39D29D4355B00889285 /* Debug */ = {
			isa = XCBuildConfiguration;
			buildSettings = {
				ALWAYS_SEARCH_USER_PATHS = NO;
				CLANG_ANALYZER_NONNULL = YES;
				CLANG_ANALYZER_NUMBER_OBJECT_CONVERSION = YES_AGGRESSIVE;
				CLANG_CXX_LANGUAGE_STANDARD = "gnu++20";
				CLANG_ENABLE_MODULES = YES;
				CLANG_ENABLE_OBJC_ARC = YES;
				CLANG_ENABLE_OBJC_WEAK = YES;
				CLANG_WARN_BLOCK_CAPTURE_AUTORELEASING = YES;
				CLANG_WARN_BOOL_CONVERSION = YES;
				CLANG_WARN_COMMA = YES;
				CLANG_WARN_CONSTANT_CONVERSION = YES;
				CLANG_WARN_DEPRECATED_OBJC_IMPLEMENTATIONS = YES;
				CLANG_WARN_DIRECT_OBJC_ISA_USAGE = YES_ERROR;
				CLANG_WARN_DOCUMENTATION_COMMENTS = YES;
				CLANG_WARN_EMPTY_BODY = YES;
				CLANG_WARN_ENUM_CONVERSION = YES;
				CLANG_WARN_INFINITE_RECURSION = YES;
				CLANG_WARN_INT_CONVERSION = YES;
				CLANG_WARN_NON_LITERAL_NULL_CONVERSION = YES;
				CLANG_WARN_OBJC_IMPLICIT_RETAIN_SELF = YES;
				CLANG_WARN_OBJC_LITERAL_CONVERSION = YES;
				CLANG_WARN_OBJC_ROOT_CLASS = YES_ERROR;
				CLANG_WARN_QUOTED_INCLUDE_IN_FRAMEWORK_HEADER = YES;
				CLANG_WARN_RANGE_LOOP_ANALYSIS = YES;
				CLANG_WARN_STRICT_PROTOTYPES = YES;
				CLANG_WARN_SUSPICIOUS_MOVE = YES;
				CLANG_WARN_UNGUARDED_AVAILABILITY = YES_AGGRESSIVE;
				CLANG_WARN_UNREACHABLE_CODE = YES;
				CLANG_WARN__DUPLICATE_METHOD_MATCH = YES;
				COPY_PHASE_STRIP = NO;
				DEBUG_INFORMATION_FORMAT = dwarf;
				ENABLE_STRICT_OBJC_MSGSEND = YES;
				ENABLE_TESTABILITY = YES;
				GCC_C_LANGUAGE_STANDARD = gnu11;
				GCC_DYNAMIC_NO_PIC = NO;
				GCC_NO_COMMON_BLOCKS = YES;
				GCC_OPTIMIZATION_LEVEL = 0;
				GCC_PREPROCESSOR_DEFINITIONS = (
					"DEBUG=1",
					"$(inherited)",
				);
				GCC_WARN_64_TO_32_BIT_CONVERSION = YES;
				GCC_WARN_ABOUT_RETURN_TYPE = YES_ERROR;
				GCC_WARN_UNDECLARED_SELECTOR = YES;
				GCC_WARN_UNINITIALIZED_AUTOS = YES_AGGRESSIVE;
				GCC_WARN_UNUSED_FUNCTION = YES;
				GCC_WARN_UNUSED_VARIABLE = YES;
				IPHONEOS_DEPLOYMENT_TARGET = 16.1;
				MTL_ENABLE_DEBUG_INFO = INCLUDE_SOURCE;
				MTL_FAST_MATH = YES;
				ONLY_ACTIVE_ARCH = YES;
				SDKROOT = iphoneos;
				SWIFT_ACTIVE_COMPILATION_CONDITIONS = DEBUG;
				SWIFT_OPTIMIZATION_LEVEL = "-Onone";
			};
			name = Debug;
		};
		CE28B39E29D4355B00889285 /* Release */ = {
			isa = XCBuildConfiguration;
			buildSettings = {
				ALWAYS_SEARCH_USER_PATHS = NO;
				CLANG_ANALYZER_NONNULL = YES;
				CLANG_ANALYZER_NUMBER_OBJECT_CONVERSION = YES_AGGRESSIVE;
				CLANG_CXX_LANGUAGE_STANDARD = "gnu++20";
				CLANG_ENABLE_MODULES = YES;
				CLANG_ENABLE_OBJC_ARC = YES;
				CLANG_ENABLE_OBJC_WEAK = YES;
				CLANG_WARN_BLOCK_CAPTURE_AUTORELEASING = YES;
				CLANG_WARN_BOOL_CONVERSION = YES;
				CLANG_WARN_COMMA = YES;
				CLANG_WARN_CONSTANT_CONVERSION = YES;
				CLANG_WARN_DEPRECATED_OBJC_IMPLEMENTATIONS = YES;
				CLANG_WARN_DIRECT_OBJC_ISA_USAGE = YES_ERROR;
				CLANG_WARN_DOCUMENTATION_COMMENTS = YES;
				CLANG_WARN_EMPTY_BODY = YES;
				CLANG_WARN_ENUM_CONVERSION = YES;
				CLANG_WARN_INFINITE_RECURSION = YES;
				CLANG_WARN_INT_CONVERSION = YES;
				CLANG_WARN_NON_LITERAL_NULL_CONVERSION = YES;
				CLANG_WARN_OBJC_IMPLICIT_RETAIN_SELF = YES;
				CLANG_WARN_OBJC_LITERAL_CONVERSION = YES;
				CLANG_WARN_OBJC_ROOT_CLASS = YES_ERROR;
				CLANG_WARN_QUOTED_INCLUDE_IN_FRAMEWORK_HEADER = YES;
				CLANG_WARN_RANGE_LOOP_ANALYSIS = YES;
				CLANG_WARN_STRICT_PROTOTYPES = YES;
				CLANG_WARN_SUSPICIOUS_MOVE = YES;
				CLANG_WARN_UNGUARDED_AVAILABILITY = YES_AGGRESSIVE;
				CLANG_WARN_UNREACHABLE_CODE = YES;
				CLANG_WARN__DUPLICATE_METHOD_MATCH = YES;
				COPY_PHASE_STRIP = NO;
				DEBUG_INFORMATION_FORMAT = "dwarf-with-dsym";
				ENABLE_NS_ASSERTIONS = NO;
				ENABLE_STRICT_OBJC_MSGSEND = YES;
				GCC_C_LANGUAGE_STANDARD = gnu11;
				GCC_NO_COMMON_BLOCKS = YES;
				GCC_WARN_64_TO_32_BIT_CONVERSION = YES;
				GCC_WARN_ABOUT_RETURN_TYPE = YES_ERROR;
				GCC_WARN_UNDECLARED_SELECTOR = YES;
				GCC_WARN_UNINITIALIZED_AUTOS = YES_AGGRESSIVE;
				GCC_WARN_UNUSED_FUNCTION = YES;
				GCC_WARN_UNUSED_VARIABLE = YES;
				IPHONEOS_DEPLOYMENT_TARGET = 16.1;
				MTL_ENABLE_DEBUG_INFO = NO;
				MTL_FAST_MATH = YES;
				SDKROOT = iphoneos;
				SWIFT_COMPILATION_MODE = wholemodule;
				SWIFT_OPTIMIZATION_LEVEL = "-O";
				VALIDATE_PRODUCT = YES;
			};
			name = Release;
		};
		CE28B3A029D4355B00889285 /* Debug */ = {
			isa = XCBuildConfiguration;
			buildSettings = {
				ASSETCATALOG_COMPILER_APPICON_NAME = AppIcon;
				ASSETCATALOG_COMPILER_GLOBAL_ACCENT_COLOR_NAME = AccentColor;
				CODE_SIGN_STYLE = Automatic;
				CURRENT_PROJECT_VERSION = 1;
				DEVELOPMENT_TEAM = A4RR9KM5L4;
				GENERATE_INFOPLIST_FILE = YES;
				INFOPLIST_FILE = RickAndMorty/Info.plist;
				INFOPLIST_KEY_UIApplicationSupportsIndirectInputEvents = YES;
				INFOPLIST_KEY_UILaunchStoryboardName = LaunchScreen;
				INFOPLIST_KEY_UISupportedInterfaceOrientations_iPad = "UIInterfaceOrientationPortrait UIInterfaceOrientationPortraitUpsideDown UIInterfaceOrientationLandscapeLeft UIInterfaceOrientationLandscapeRight";
				INFOPLIST_KEY_UISupportedInterfaceOrientations_iPhone = "UIInterfaceOrientationPortrait UIInterfaceOrientationLandscapeLeft UIInterfaceOrientationLandscapeRight";
				LD_RUNPATH_SEARCH_PATHS = (
					"$(inherited)",
					"@executable_path/Frameworks",
				);
				MARKETING_VERSION = 1.0;
				PRODUCT_BUNDLE_IDENTIFIER = "-.RickAndMorty";
				PRODUCT_NAME = "$(TARGET_NAME)";
				SWIFT_EMIT_LOC_STRINGS = YES;
				SWIFT_VERSION = 5.0;
				TARGETED_DEVICE_FAMILY = "1,2";
			};
			name = Debug;
		};
		CE28B3A129D4355B00889285 /* Release */ = {
			isa = XCBuildConfiguration;
			buildSettings = {
				ASSETCATALOG_COMPILER_APPICON_NAME = AppIcon;
				ASSETCATALOG_COMPILER_GLOBAL_ACCENT_COLOR_NAME = AccentColor;
				CODE_SIGN_STYLE = Automatic;
				CURRENT_PROJECT_VERSION = 1;
				DEVELOPMENT_TEAM = A4RR9KM5L4;
				GENERATE_INFOPLIST_FILE = YES;
				INFOPLIST_FILE = RickAndMorty/Info.plist;
				INFOPLIST_KEY_UIApplicationSupportsIndirectInputEvents = YES;
				INFOPLIST_KEY_UILaunchStoryboardName = LaunchScreen;
				INFOPLIST_KEY_UISupportedInterfaceOrientations_iPad = "UIInterfaceOrientationPortrait UIInterfaceOrientationPortraitUpsideDown UIInterfaceOrientationLandscapeLeft UIInterfaceOrientationLandscapeRight";
				INFOPLIST_KEY_UISupportedInterfaceOrientations_iPhone = "UIInterfaceOrientationPortrait UIInterfaceOrientationLandscapeLeft UIInterfaceOrientationLandscapeRight";
				LD_RUNPATH_SEARCH_PATHS = (
					"$(inherited)",
					"@executable_path/Frameworks",
				);
				MARKETING_VERSION = 1.0;
				PRODUCT_BUNDLE_IDENTIFIER = "-.RickAndMorty";
				PRODUCT_NAME = "$(TARGET_NAME)";
				SWIFT_EMIT_LOC_STRINGS = YES;
				SWIFT_VERSION = 5.0;
				TARGETED_DEVICE_FAMILY = "1,2";
			};
			name = Release;
		};
/* End XCBuildConfiguration section */

/* Begin XCConfigurationList section */
		CE28B38629D4355800889285 /* Build configuration list for PBXProject "RickAndMorty" */ = {
			isa = XCConfigurationList;
			buildConfigurations = (
				CE28B39D29D4355B00889285 /* Debug */,
				CE28B39E29D4355B00889285 /* Release */,
			);
			defaultConfigurationIsVisible = 0;
			defaultConfigurationName = Release;
		};
		CE28B39F29D4355B00889285 /* Build configuration list for PBXNativeTarget "RickAndMorty" */ = {
			isa = XCConfigurationList;
			buildConfigurations = (
				CE28B3A029D4355B00889285 /* Debug */,
				CE28B3A129D4355B00889285 /* Release */,
			);
			defaultConfigurationIsVisible = 0;
			defaultConfigurationName = Release;
		};
/* End XCConfigurationList section */
	};
	rootObject = CE28B38329D4355800889285 /* Project object */;
}
